// !$*UTF8*$!
{
	archiveVersion = 1;
	classes = {
	};
	objectVersion = 50;
	objects = {

/* Begin PBXBuildFile section */
		1B2BE6FB248C029E0094AA01 /* ProgressView.swift in Sources */ = {isa = PBXBuildFile; fileRef = 1B2BE6FA248C029E0094AA01 /* ProgressView.swift */; };
		1B2BE6FD248C02C40094AA01 /* ProgressLayer.swift in Sources */ = {isa = PBXBuildFile; fileRef = 1B2BE6FC248C02C40094AA01 /* ProgressLayer.swift */; };
		1B2BE6FF248C062F0094AA01 /* FancyButton.swift in Sources */ = {isa = PBXBuildFile; fileRef = 1B2BE6FE248C062F0094AA01 /* FancyButton.swift */; };
		1B4D969E248E90C800DB2587 /* Penularan.storyboard in Resources */ = {isa = PBXBuildFile; fileRef = 1B4D969D248E90C800DB2587 /* Penularan.storyboard */; };
		1B4D96A0248E90E500DB2587 /* PenularanViewController.swift in Sources */ = {isa = PBXBuildFile; fileRef = 1B4D969F248E90E500DB2587 /* PenularanViewController.swift */; };
		1B7C99B3248E6AED0035BED0 /* Covid19.storyboard in Resources */ = {isa = PBXBuildFile; fileRef = 1B7C99B2248E6AED0035BED0 /* Covid19.storyboard */; };
		1B7C99B5248E6B000035BED0 /* Covid19ViewController.swift in Sources */ = {isa = PBXBuildFile; fileRef = 1B7C99B4248E6B000035BED0 /* Covid19ViewController.swift */; };
		1BC0E410248923DF008FF34A /* AppDelegate.swift in Sources */ = {isa = PBXBuildFile; fileRef = 1BC0E40F248923DF008FF34A /* AppDelegate.swift */; };
		1BC0E412248923DF008FF34A /* SceneDelegate.swift in Sources */ = {isa = PBXBuildFile; fileRef = 1BC0E411248923DF008FF34A /* SceneDelegate.swift */; };
		1BC0E414248923DF008FF34A /* ViewController.swift in Sources */ = {isa = PBXBuildFile; fileRef = 1BC0E413248923DF008FF34A /* ViewController.swift */; };
		1BC0E417248923DF008FF34A /* Main.storyboard in Resources */ = {isa = PBXBuildFile; fileRef = 1BC0E415248923DF008FF34A /* Main.storyboard */; };
		1BC0E419248923E1008FF34A /* Assets.xcassets in Resources */ = {isa = PBXBuildFile; fileRef = 1BC0E418248923E1008FF34A /* Assets.xcassets */; };
		1BC0E41C248923E1008FF34A /* LaunchScreen.storyboard in Resources */ = {isa = PBXBuildFile; fileRef = 1BC0E41A248923E1008FF34A /* LaunchScreen.storyboard */; };
		552ABE0C248E1E4C0013EC3D /* AnimationPage.storyboard in Resources */ = {isa = PBXBuildFile; fileRef = 552ABE0A248E1E4B0013EC3D /* AnimationPage.storyboard */; };
		552ABE10248E1E8B0013EC3D /* AnimationViewController.swift in Sources */ = {isa = PBXBuildFile; fileRef = 552ABE0F248E1E8B0013EC3D /* AnimationViewController.swift */; };
/* End PBXBuildFile section */

/* Begin PBXFileReference section */
		1B2BE6FA248C029E0094AA01 /* ProgressView.swift */ = {isa = PBXFileReference; lastKnownFileType = sourcecode.swift; path = ProgressView.swift; sourceTree = "<group>"; };
		1B2BE6FC248C02C40094AA01 /* ProgressLayer.swift */ = {isa = PBXFileReference; lastKnownFileType = sourcecode.swift; path = ProgressLayer.swift; sourceTree = "<group>"; };
		1B2BE6FE248C062F0094AA01 /* FancyButton.swift */ = {isa = PBXFileReference; lastKnownFileType = sourcecode.swift; path = FancyButton.swift; sourceTree = "<group>"; };
		1B4D969D248E90C800DB2587 /* Penularan.storyboard */ = {isa = PBXFileReference; lastKnownFileType = file.storyboard; path = Penularan.storyboard; sourceTree = "<group>"; };
		1B4D969F248E90E500DB2587 /* PenularanViewController.swift */ = {isa = PBXFileReference; lastKnownFileType = sourcecode.swift; path = PenularanViewController.swift; sourceTree = "<group>"; };
		1B7C99B2248E6AED0035BED0 /* Covid19.storyboard */ = {isa = PBXFileReference; lastKnownFileType = file.storyboard; path = Covid19.storyboard; sourceTree = "<group>"; };
		1B7C99B4248E6B000035BED0 /* Covid19ViewController.swift */ = {isa = PBXFileReference; lastKnownFileType = sourcecode.swift; path = Covid19ViewController.swift; sourceTree = "<group>"; };
		1BC0E40C248923DF008FF34A /* BelajarAnimasi.app */ = {isa = PBXFileReference; explicitFileType = wrapper.application; includeInIndex = 0; path = BelajarAnimasi.app; sourceTree = BUILT_PRODUCTS_DIR; };
		1BC0E40F248923DF008FF34A /* AppDelegate.swift */ = {isa = PBXFileReference; lastKnownFileType = sourcecode.swift; path = AppDelegate.swift; sourceTree = "<group>"; };
		1BC0E411248923DF008FF34A /* SceneDelegate.swift */ = {isa = PBXFileReference; lastKnownFileType = sourcecode.swift; path = SceneDelegate.swift; sourceTree = "<group>"; };
		1BC0E413248923DF008FF34A /* ViewController.swift */ = {isa = PBXFileReference; lastKnownFileType = sourcecode.swift; path = ViewController.swift; sourceTree = "<group>"; };
		1BC0E416248923DF008FF34A /* Base */ = {isa = PBXFileReference; lastKnownFileType = file.storyboard; name = Base; path = Base.lproj/Main.storyboard; sourceTree = "<group>"; };
		1BC0E418248923E1008FF34A /* Assets.xcassets */ = {isa = PBXFileReference; lastKnownFileType = folder.assetcatalog; path = Assets.xcassets; sourceTree = "<group>"; };
		1BC0E41B248923E1008FF34A /* Base */ = {isa = PBXFileReference; lastKnownFileType = file.storyboard; name = Base; path = Base.lproj/LaunchScreen.storyboard; sourceTree = "<group>"; };
		1BC0E41D248923E1008FF34A /* Info.plist */ = {isa = PBXFileReference; lastKnownFileType = text.plist.xml; path = Info.plist; sourceTree = "<group>"; };
		552ABE0B248E1E4C0013EC3D /* Base */ = {isa = PBXFileReference; lastKnownFileType = file.storyboard; name = Base; path = BelajarAnimasi/Base.lproj/AnimationPage.storyboard; sourceTree = "<group>"; };
		552ABE0F248E1E8B0013EC3D /* AnimationViewController.swift */ = {isa = PBXFileReference; lastKnownFileType = sourcecode.swift; path = AnimationViewController.swift; sourceTree = "<group>"; };
/* End PBXFileReference section */

/* Begin PBXFrameworksBuildPhase section */
		1BC0E409248923DF008FF34A /* Frameworks */ = {
			isa = PBXFrameworksBuildPhase;
			buildActionMask = 2147483647;
			files = (
			);
			runOnlyForDeploymentPostprocessing = 0;
		};
/* End PBXFrameworksBuildPhase section */

/* Begin PBXGroup section */
		1B7C99AF248E6AAE0035BED0 /* CovidSim */ = {
			isa = PBXGroup;
			children = (
				1B7C99B1248E6ACA0035BED0 /* View */,
				1B7C99B0248E6AC00035BED0 /* Controller */,
			);
			path = CovidSim;
			sourceTree = "<group>";
		};
		1B7C99B0248E6AC00035BED0 /* Controller */ = {
			isa = PBXGroup;
			children = (
				1B7C99B4248E6B000035BED0 /* Covid19ViewController.swift */,
				1B4D969F248E90E500DB2587 /* PenularanViewController.swift */,
			);
			path = Controller;
			sourceTree = "<group>";
		};
		1B7C99B1248E6ACA0035BED0 /* View */ = {
			isa = PBXGroup;
			children = (
				1B7C99B2248E6AED0035BED0 /* Covid19.storyboard */,
				1B4D969D248E90C800DB2587 /* Penularan.storyboard */,
			);
			path = View;
			sourceTree = "<group>";
		};
		1BC0E403248923DE008FF34A = {
			isa = PBXGroup;
			children = (
				1BC0E40E248923DF008FF34A /* BelajarAnimasi */,
				1BC0E40D248923DF008FF34A /* Products */,
			);
			sourceTree = "<group>";
		};
		1BC0E40D248923DF008FF34A /* Products */ = {
			isa = PBXGroup;
			children = (
				1BC0E40C248923DF008FF34A /* BelajarAnimasi.app */,
			);
			name = Products;
			sourceTree = "<group>";
		};
		1BC0E40E248923DF008FF34A /* BelajarAnimasi */ = {
			isa = PBXGroup;
			children = (
				1B7C99AF248E6AAE0035BED0 /* CovidSim */,
				552ABE09248E1E1D0013EC3D /* AnimationPage */,
				1BC0E40F248923DF008FF34A /* AppDelegate.swift */,
				1BC0E411248923DF008FF34A /* SceneDelegate.swift */,
				1BC0E413248923DF008FF34A /* ViewController.swift */,
				1BC0E415248923DF008FF34A /* Main.storyboard */,
				1BC0E418248923E1008FF34A /* Assets.xcassets */,
				1BC0E41A248923E1008FF34A /* LaunchScreen.storyboard */,
				1BC0E41D248923E1008FF34A /* Info.plist */,
				1B2BE6FA248C029E0094AA01 /* ProgressView.swift */,
				1B2BE6FC248C02C40094AA01 /* ProgressLayer.swift */,
				1B2BE6FE248C062F0094AA01 /* FancyButton.swift */,
			);
			path = BelajarAnimasi;
			sourceTree = "<group>";
		};
		552ABE09248E1E1D0013EC3D /* AnimationPage */ = {
			isa = PBXGroup;
			children = (
				552ABE0E248E1E730013EC3D /* Controller */,
				552ABE0D248E1E520013EC3D /* View */,
			);
			path = AnimationPage;
			sourceTree = "<group>";
		};
		552ABE0D248E1E520013EC3D /* View */ = {
			isa = PBXGroup;
			children = (
				552ABE0A248E1E4B0013EC3D /* AnimationPage.storyboard */,
			);
			path = View;
			sourceTree = "<group>";
		};
		552ABE0E248E1E730013EC3D /* Controller */ = {
			isa = PBXGroup;
			children = (
				552ABE0F248E1E8B0013EC3D /* AnimationViewController.swift */,
			);
			path = Controller;
			sourceTree = "<group>";
		};
/* End PBXGroup section */

/* Begin PBXNativeTarget section */
		1BC0E40B248923DF008FF34A /* BelajarAnimasi */ = {
			isa = PBXNativeTarget;
			buildConfigurationList = 1BC0E420248923E1008FF34A /* Build configuration list for PBXNativeTarget "BelajarAnimasi" */;
			buildPhases = (
				1BC0E408248923DF008FF34A /* Sources */,
				1BC0E409248923DF008FF34A /* Frameworks */,
				1BC0E40A248923DF008FF34A /* Resources */,
			);
			buildRules = (
			);
			dependencies = (
			);
			name = BelajarAnimasi;
			productName = BelajarAnimasi;
			productReference = 1BC0E40C248923DF008FF34A /* BelajarAnimasi.app */;
			productType = "com.apple.product-type.application";
		};
/* End PBXNativeTarget section */

/* Begin PBXProject section */
		1BC0E404248923DE008FF34A /* Project object */ = {
			isa = PBXProject;
			attributes = {
				LastSwiftUpdateCheck = 1150;
				LastUpgradeCheck = 1150;
				ORGANIZATIONNAME = "Haryanto Salim";
				TargetAttributes = {
					1BC0E40B248923DF008FF34A = {
						CreatedOnToolsVersion = 11.5;
					};
				};
			};
			buildConfigurationList = 1BC0E407248923DE008FF34A /* Build configuration list for PBXProject "BelajarAnimasi" */;
			compatibilityVersion = "Xcode 9.3";
			developmentRegion = en;
			hasScannedForEncodings = 0;
			knownRegions = (
				en,
				Base,
			);
			mainGroup = 1BC0E403248923DE008FF34A;
			productRefGroup = 1BC0E40D248923DF008FF34A /* Products */;
			projectDirPath = "";
			projectRoot = "";
			targets = (
				1BC0E40B248923DF008FF34A /* BelajarAnimasi */,
			);
		};
/* End PBXProject section */

/* Begin PBXResourcesBuildPhase section */
		1BC0E40A248923DF008FF34A /* Resources */ = {
			isa = PBXResourcesBuildPhase;
			buildActionMask = 2147483647;
			files = (
				552ABE0C248E1E4C0013EC3D /* AnimationPage.storyboard in Resources */,
				1B4D969E248E90C800DB2587 /* Penularan.storyboard in Resources */,
				1BC0E41C248923E1008FF34A /* LaunchScreen.storyboard in Resources */,
				1B7C99B3248E6AED0035BED0 /* Covid19.storyboard in Resources */,
				1BC0E419248923E1008FF34A /* Assets.xcassets in Resources */,
				1BC0E417248923DF008FF34A /* Main.storyboard in Resources */,
			);
			runOnlyForDeploymentPostprocessing = 0;
		};
/* End PBXResourcesBuildPhase section */

/* Begin PBXSourcesBuildPhase section */
		1BC0E408248923DF008FF34A /* Sources */ = {
			isa = PBXSourcesBuildPhase;
			buildActionMask = 2147483647;
			files = (
				1BC0E414248923DF008FF34A /* ViewController.swift in Sources */,
				1B2BE6FD248C02C40094AA01 /* ProgressLayer.swift in Sources */,
				1B2BE6FB248C029E0094AA01 /* ProgressView.swift in Sources */,
				1B2BE6FF248C062F0094AA01 /* FancyButton.swift in Sources */,
				1B4D96A0248E90E500DB2587 /* PenularanViewController.swift in Sources */,
				1B7C99B5248E6B000035BED0 /* Covid19ViewController.swift in Sources */,
				1BC0E410248923DF008FF34A /* AppDelegate.swift in Sources */,
				1BC0E412248923DF008FF34A /* SceneDelegate.swift in Sources */,
				552ABE10248E1E8B0013EC3D /* AnimationViewController.swift in Sources */,
			);
			runOnlyForDeploymentPostprocessing = 0;
		};
/* End PBXSourcesBuildPhase section */

/* Begin PBXVariantGroup section */
		1BC0E415248923DF008FF34A /* Main.storyboard */ = {
			isa = PBXVariantGroup;
			children = (
				1BC0E416248923DF008FF34A /* Base */,
			);
			name = Main.storyboard;
			sourceTree = "<group>";
		};
		1BC0E41A248923E1008FF34A /* LaunchScreen.storyboard */ = {
			isa = PBXVariantGroup;
			children = (
				1BC0E41B248923E1008FF34A /* Base */,
			);
			name = LaunchScreen.storyboard;
			sourceTree = "<group>";
		};
		552ABE0A248E1E4B0013EC3D /* AnimationPage.storyboard */ = {
			isa = PBXVariantGroup;
			children = (
				552ABE0B248E1E4C0013EC3D /* Base */,
			);
			name = AnimationPage.storyboard;
			sourceTree = "<group>";
		};
/* End PBXVariantGroup section */

/* Begin XCBuildConfiguration section */
		1BC0E41E248923E1008FF34A /* Debug */ = {
			isa = XCBuildConfiguration;
			buildSettings = {
				ALWAYS_SEARCH_USER_PATHS = NO;
				CLANG_ANALYZER_NONNULL = YES;
				CLANG_ANALYZER_NUMBER_OBJECT_CONVERSION = YES_AGGRESSIVE;
				CLANG_CXX_LANGUAGE_STANDARD = "gnu++14";
				CLANG_CXX_LIBRARY = "libc++";
				CLANG_ENABLE_MODULES = YES;
				CLANG_ENABLE_OBJC_ARC = YES;
				CLANG_ENABLE_OBJC_WEAK = YES;
				CLANG_WARN_BLOCK_CAPTURE_AUTORELEASING = YES;
				CLANG_WARN_BOOL_CONVERSION = YES;
				CLANG_WARN_COMMA = YES;
				CLANG_WARN_CONSTANT_CONVERSION = YES;
				CLANG_WARN_DEPRECATED_OBJC_IMPLEMENTATIONS = YES;
				CLANG_WARN_DIRECT_OBJC_ISA_USAGE = YES_ERROR;
				CLANG_WARN_DOCUMENTATION_COMMENTS = YES;
				CLANG_WARN_EMPTY_BODY = YES;
				CLANG_WARN_ENUM_CONVERSION = YES;
				CLANG_WARN_INFINITE_RECURSION = YES;
				CLANG_WARN_INT_CONVERSION = YES;
				CLANG_WARN_NON_LITERAL_NULL_CONVERSION = YES;
				CLANG_WARN_OBJC_IMPLICIT_RETAIN_SELF = YES;
				CLANG_WARN_OBJC_LITERAL_CONVERSION = YES;
				CLANG_WARN_OBJC_ROOT_CLASS = YES_ERROR;
				CLANG_WARN_RANGE_LOOP_ANALYSIS = YES;
				CLANG_WARN_STRICT_PROTOTYPES = YES;
				CLANG_WARN_SUSPICIOUS_MOVE = YES;
				CLANG_WARN_UNGUARDED_AVAILABILITY = YES_AGGRESSIVE;
				CLANG_WARN_UNREACHABLE_CODE = YES;
				CLANG_WARN__DUPLICATE_METHOD_MATCH = YES;
				COPY_PHASE_STRIP = NO;
				DEBUG_INFORMATION_FORMAT = dwarf;
				ENABLE_STRICT_OBJC_MSGSEND = YES;
				ENABLE_TESTABILITY = YES;
				GCC_C_LANGUAGE_STANDARD = gnu11;
				GCC_DYNAMIC_NO_PIC = NO;
				GCC_NO_COMMON_BLOCKS = YES;
				GCC_OPTIMIZATION_LEVEL = 0;
				GCC_PREPROCESSOR_DEFINITIONS = (
					"DEBUG=1",
					"$(inherited)",
				);
				GCC_WARN_64_TO_32_BIT_CONVERSION = YES;
				GCC_WARN_ABOUT_RETURN_TYPE = YES_ERROR;
				GCC_WARN_UNDECLARED_SELECTOR = YES;
				GCC_WARN_UNINITIALIZED_AUTOS = YES_AGGRESSIVE;
				GCC_WARN_UNUSED_FUNCTION = YES;
				GCC_WARN_UNUSED_VARIABLE = YES;
				IPHONEOS_DEPLOYMENT_TARGET = 13.5;
				MTL_ENABLE_DEBUG_INFO = INCLUDE_SOURCE;
				MTL_FAST_MATH = YES;
				ONLY_ACTIVE_ARCH = YES;
				SDKROOT = iphoneos;
				SWIFT_ACTIVE_COMPILATION_CONDITIONS = DEBUG;
				SWIFT_OPTIMIZATION_LEVEL = "-Onone";
			};
			name = Debug;
		};
		1BC0E41F248923E1008FF34A /* Release */ = {
			isa = XCBuildConfiguration;
			buildSettings = {
				ALWAYS_SEARCH_USER_PATHS = NO;
				CLANG_ANALYZER_NONNULL = YES;
				CLANG_ANALYZER_NUMBER_OBJECT_CONVERSION = YES_AGGRESSIVE;
				CLANG_CXX_LANGUAGE_STANDARD = "gnu++14";
				CLANG_CXX_LIBRARY = "libc++";
				CLANG_ENABLE_MODULES = YES;
				CLANG_ENABLE_OBJC_ARC = YES;
				CLANG_ENABLE_OBJC_WEAK = YES;
				CLANG_WARN_BLOCK_CAPTURE_AUTORELEASING = YES;
				CLANG_WARN_BOOL_CONVERSION = YES;
				CLANG_WARN_COMMA = YES;
				CLANG_WARN_CONSTANT_CONVERSION = YES;
				CLANG_WARN_DEPRECATED_OBJC_IMPLEMENTATIONS = YES;
				CLANG_WARN_DIRECT_OBJC_ISA_USAGE = YES_ERROR;
				CLANG_WARN_DOCUMENTATION_COMMENTS = YES;
				CLANG_WARN_EMPTY_BODY = YES;
				CLANG_WARN_ENUM_CONVERSION = YES;
				CLANG_WARN_INFINITE_RECURSION = YES;
				CLANG_WARN_INT_CONVERSION = YES;
				CLANG_WARN_NON_LITERAL_NULL_CONVERSION = YES;
				CLANG_WARN_OBJC_IMPLICIT_RETAIN_SELF = YES;
				CLANG_WARN_OBJC_LITERAL_CONVERSION = YES;
				CLANG_WARN_OBJC_ROOT_CLASS = YES_ERROR;
				CLANG_WARN_RANGE_LOOP_ANALYSIS = YES;
				CLANG_WARN_STRICT_PROTOTYPES = YES;
				CLANG_WARN_SUSPICIOUS_MOVE = YES;
				CLANG_WARN_UNGUARDED_AVAILABILITY = YES_AGGRESSIVE;
				CLANG_WARN_UNREACHABLE_CODE = YES;
				CLANG_WARN__DUPLICATE_METHOD_MATCH = YES;
				COPY_PHASE_STRIP = NO;
				DEBUG_INFORMATION_FORMAT = "dwarf-with-dsym";
				ENABLE_NS_ASSERTIONS = NO;
				ENABLE_STRICT_OBJC_MSGSEND = YES;
				GCC_C_LANGUAGE_STANDARD = gnu11;
				GCC_NO_COMMON_BLOCKS = YES;
				GCC_WARN_64_TO_32_BIT_CONVERSION = YES;
				GCC_WARN_ABOUT_RETURN_TYPE = YES_ERROR;
				GCC_WARN_UNDECLARED_SELECTOR = YES;
				GCC_WARN_UNINITIALIZED_AUTOS = YES_AGGRESSIVE;
				GCC_WARN_UNUSED_FUNCTION = YES;
				GCC_WARN_UNUSED_VARIABLE = YES;
				IPHONEOS_DEPLOYMENT_TARGET = 13.5;
				MTL_ENABLE_DEBUG_INFO = NO;
				MTL_FAST_MATH = YES;
				SDKROOT = iphoneos;
				SWIFT_COMPILATION_MODE = wholemodule;
				SWIFT_OPTIMIZATION_LEVEL = "-O";
				VALIDATE_PRODUCT = YES;
			};
			name = Release;
		};
		1BC0E421248923E1008FF34A /* Debug */ = {
			isa = XCBuildConfiguration;
			buildSettings = {
				ASSETCATALOG_COMPILER_APPICON_NAME = AppIcon;
				CODE_SIGN_STYLE = Automatic;
				DEVELOPMENT_TEAM = KHN5V927Z7;
				INFOPLIST_FILE = BelajarAnimasi/Info.plist;
				LD_RUNPATH_SEARCH_PATHS = (
					"$(inherited)",
					"@executable_path/Frameworks",
				);
				PRODUCT_BUNDLE_IDENTIFIER = com.especiallynew.BelajarAnimasi;
				PRODUCT_NAME = "$(TARGET_NAME)";
				SWIFT_VERSION = 5.0;
				TARGETED_DEVICE_FAMILY = "1,2";
			};
			name = Debug;
		};
		1BC0E422248923E1008FF34A /* Release */ = {
			isa = XCBuildConfiguration;
			buildSettings = {
				ASSETCATALOG_COMPILER_APPICON_NAME = AppIcon;
				CODE_SIGN_STYLE = Automatic;
				DEVELOPMENT_TEAM = KHN5V927Z7;
				INFOPLIST_FILE = BelajarAnimasi/Info.plist;
				LD_RUNPATH_SEARCH_PATHS = (
					"$(inherited)",
					"@executable_path/Frameworks",
				);
				PRODUCT_BUNDLE_IDENTIFIER = com.especiallynew.BelajarAnimasi;
				PRODUCT_NAME = "$(TARGET_NAME)";
				SWIFT_VERSION = 5.0;
				TARGETED_DEVICE_FAMILY = "1,2";
			};
			name = Release;
		};
/* End XCBuildConfiguration section */

/* Begin XCConfigurationList section */
		1BC0E407248923DE008FF34A /* Build configuration list for PBXProject "BelajarAnimasi" */ = {
			isa = XCConfigurationList;
			buildConfigurations = (
				1BC0E41E248923E1008FF34A /* Debug */,
				1BC0E41F248923E1008FF34A /* Release */,
			);
			defaultConfigurationIsVisible = 0;
			defaultConfigurationName = Release;
		};
		1BC0E420248923E1008FF34A /* Build configuration list for PBXNativeTarget "BelajarAnimasi" */ = {
			isa = XCConfigurationList;
			buildConfigurations = (
				1BC0E421248923E1008FF34A /* Debug */,
				1BC0E422248923E1008FF34A /* Release */,
			);
			defaultConfigurationIsVisible = 0;
			defaultConfigurationName = Release;
		};
/* End XCConfigurationList section */
	};
	rootObject = 1BC0E404248923DE008FF34A /* Project object */;
}
